
Microsoft Visual Studio Solution File, Format Version 12.00
# Visual Studio 14
VisualStudioVersion = 14.0.24720.0
MinimumVisualStudioVersion = 10.0.40219.1
Project("{8BC9CEB8-8B4A-11D0-8D11-00A0C91BC942}") = "FMS5776_0260_8206", "FMS5776_0260_8206\FMS5776_0260_8206.vcxproj", "{CEBB6AF5-E03B-4C2A-9B44-E4FC5A18C799}"
EndProject
Project("{8BC9CEB8-8B4A-11D0-8D11-00A0C91BC942}") = "FMS_DLL", "FMS_DLL\FMS_DLL.vcxproj", "{D0E59A07-8A97-46AA-BD8F-D8402820FEC3}"
EndProject
Project("{FAE04EC0-301F-11D3-BF4B-00C04F79EFBC}") = "FMS_adapter", "FMS_adapter\FMS_adapter.csproj", "{A03DECBE-1EEC-4EF5-B2E8-FDA0AD878359}"
EndProject
Project("{FAE04EC0-301F-11D3-BF4B-00C04F79EFBC}") = "FMS_GUI", "FMS_GUI\FMS_GUI.csproj", "{89D8D9CD-66A4-4479-AB8D-13762A8E19B4}"
EndProject
Project("{8BC9CEB8-8B4A-11D0-8D11-00A0C91BC942}") = "FMS_Console", "FMS_Console\FMS_Console.vcxproj", "{2B2AD512-2BCF-49D6-B08F-220775124873}"
EndProject
Project("{2150E333-8FDC-42A3-9474-1A3956D46DE8}") = "CSharp", "CSharp", "{6AF39315-81DD-468F-9807-2843F9CB6FF0}"
EndProject
Project("{2150E333-8FDC-42A3-9474-1A3956D46DE8}") = "CPlusPlus", "CPlusPlus", "{F8C1F629-EFE0-4BB6-9A15-268AA4332EC4}"
EndProject
Global
	GlobalSection(SolutionConfigurationPlatforms) = preSolution
		Debug|Any CPU = Debug|Any CPU
		Debug|x64 = Debug|x64
		Debug|x86 = Debug|x86
		Release|Any CPU = Release|Any CPU
		Release|x64 = Release|x64
		Release|x86 = Release|x86
	EndGlobalSection
	GlobalSection(ProjectConfigurationPlatforms) = postSolution
		{CEBB6AF5-E03B-4C2A-9B44-E4FC5A18C799}.Debug|Any CPU.ActiveCfg = Debug|Win32
		{CEBB6AF5-E03B-4C2A-9B44-E4FC5A18C799}.Debug|Any CPU.Build.0 = Debug|Win32
		{CEBB6AF5-E03B-4C2A-9B44-E4FC5A18C799}.Debug|x64.ActiveCfg = Debug|x64
		{CEBB6AF5-E03B-4C2A-9B44-E4FC5A18C799}.Debug|x64.Build.0 = Debug|x64
		{CEBB6AF5-E03B-4C2A-9B44-E4FC5A18C799}.Debug|x86.ActiveCfg = Debug|Win32
		{CEBB6AF5-E03B-4C2A-9B44-E4FC5A18C799}.Debug|x86.Build.0 = Debug|Win32
		{CEBB6AF5-E03B-4C2A-9B44-E4FC5A18C799}.Release|Any CPU.ActiveCfg = Release|Win32
		{CEBB6AF5-E03B-4C2A-9B44-E4FC5A18C799}.Release|x64.ActiveCfg = Release|x64
		{CEBB6AF5-E03B-4C2A-9B44-E4FC5A18C799}.Release|x64.Build.0 = Release|x64
		{CEBB6AF5-E03B-4C2A-9B44-E4FC5A18C799}.Release|x86.ActiveCfg = Release|Win32
		{CEBB6AF5-E03B-4C2A-9B44-E4FC5A18C799}.Release|x86.Build.0 = Release|Win32
		{D0E59A07-8A97-46AA-BD8F-D8402820FEC3}.Debug|Any CPU.ActiveCfg = Debug|Win32
		{D0E59A07-8A97-46AA-BD8F-D8402820FEC3}.Debug|Any CPU.Build.0 = Debug|Win32
		{D0E59A07-8A97-46AA-BD8F-D8402820FEC3}.Debug|x64.ActiveCfg = Debug|x64
		{D0E59A07-8A97-46AA-BD8F-D8402820FEC3}.Debug|x64.Build.0 = Debug|x64
		{D0E59A07-8A97-46AA-BD8F-D8402820FEC3}.Debug|x86.ActiveCfg = Debug|Win32
		{D0E59A07-8A97-46AA-BD8F-D8402820FEC3}.Debug|x86.Build.0 = Debug|Win32
		{D0E59A07-8A97-46AA-BD8F-D8402820FEC3}.Release|Any CPU.ActiveCfg = Release|Win32
		{D0E59A07-8A97-46AA-BD8F-D8402820FEC3}.Release|x64.ActiveCfg = Release|x64
		{D0E59A07-8A97-46AA-BD8F-D8402820FEC3}.Release|x64.Build.0 = Release|x64
		{D0E59A07-8A97-46AA-BD8F-D8402820FEC3}.Release|x86.ActiveCfg = Release|Win32
		{D0E59A07-8A97-46AA-BD8F-D8402820FEC3}.Release|x86.Build.0 = Release|Win32
		{A03DECBE-1EEC-4EF5-B2E8-FDA0AD878359}.Debug|Any CPU.ActiveCfg = Debug|Any CPU
		{A03DECBE-1EEC-4EF5-B2E8-FDA0AD878359}.Debug|Any CPU.Build.0 = Debug|Any CPU
		{A03DECBE-1EEC-4EF5-B2E8-FDA0AD878359}.Debug|x64.ActiveCfg = Debug|Any CPU
		{A03DECBE-1EEC-4EF5-B2E8-FDA0AD878359}.Debug|x64.Build.0 = Debug|Any CPU
		{A03DECBE-1EEC-4EF5-B2E8-FDA0AD878359}.Debug|x86.ActiveCfg = Debug|Any CPU
		{A03DECBE-1EEC-4EF5-B2E8-FDA0AD878359}.Debug|x86.Build.0 = Debug|Any CPU
		{A03DECBE-1EEC-4EF5-B2E8-FDA0AD878359}.Release|Any CPU.ActiveCfg = Release|Any CPU
		{A03DECBE-1EEC-4EF5-B2E8-FDA0AD878359}.Release|Any CPU.Build.0 = Release|Any CPU
		{A03DECBE-1EEC-4EF5-B2E8-FDA0AD878359}.Release|x64.ActiveCfg = Release|Any CPU
		{A03DECBE-1EEC-4EF5-B2E8-FDA0AD878359}.Release|x64.Build.0 = Release|Any CPU
		{A03DECBE-1EEC-4EF5-B2E8-FDA0AD878359}.Release|x86.ActiveCfg = Release|Any CPU
		{A03DECBE-1EEC-4EF5-B2E8-FDA0AD878359}.Release|x86.Build.0 = Release|Any CPU
		{89D8D9CD-66A4-4479-AB8D-13762A8E19B4}.Debug|Any CPU.ActiveCfg = Debug|Any CPU
		{89D8D9CD-66A4-4479-AB8D-13762A8E19B4}.Debug|Any CPU.Build.0 = Debug|Any CPU
		{89D8D9CD-66A4-4479-AB8D-13762A8E19B4}.Debug|x64.ActiveCfg = Debug|Any CPU
		{89D8D9CD-66A4-4479-AB8D-13762A8E19B4}.Debug|x64.Build.0 = Debug|Any CPU
		{89D8D9CD-66A4-4479-AB8D-13762A8E19B4}.Debug|x86.ActiveCfg = Debug|Any CPU
		{89D8D9CD-66A4-4479-AB8D-13762A8E19B4}.Debug|x86.Build.0 = Debug|Any CPU
		{89D8D9CD-66A4-4479-AB8D-13762A8E19B4}.Release|Any CPU.ActiveCfg = Release|Any CPU
		{89D8D9CD-66A4-4479-AB8D-13762A8E19B4}.Release|Any CPU.Build.0 = Release|Any CPU
		{89D8D9CD-66A4-4479-AB8D-13762A8E19B4}.Release|x64.ActiveCfg = Release|Any CPU
		{89D8D9CD-66A4-4479-AB8D-13762A8E19B4}.Release|x64.Build.0 = Release|Any CPU
		{89D8D9CD-66A4-4479-AB8D-13762A8E19B4}.Release|x86.ActiveCfg = Release|Any CPU
		{89D8D9CD-66A4-4479-AB8D-13762A8E19B4}.Release|x86.Build.0 = Release|Any CPU
		{2B2AD512-2BCF-49D6-B08F-220775124873}.Debug|Any CPU.ActiveCfg = Debug|Win32
		{2B2AD512-2BCF-49D6-B08F-220775124873}.Debug|x64.ActiveCfg = Debug|x64
		{2B2AD512-2BCF-49D6-B08F-220775124873}.Debug|x64.Build.0 = Debug|x64
		{2B2AD512-2BCF-49D6-B08F-220775124873}.Debug|x86.ActiveCfg = Debug|Win32
		{2B2AD512-2BCF-49D6-B08F-220775124873}.Debug|x86.Build.0 = Debug|Win32
		{2B2AD512-2BCF-49D6-B08F-220775124873}.Release|Any CPU.ActiveCfg = Release|Win32
		{2B2AD512-2BCF-49D6-B08F-220775124873}.Release|x64.ActiveCfg = Release|x64
		{2B2AD512-2BCF-49D6-B08F-220775124873}.Release|x64.Build.0 = Release|x64
		{2B2AD512-2BCF-49D6-B08F-220775124873}.Release|x86.ActiveCfg = Release|Win32
		{2B2AD512-2BCF-49D6-B08F-220775124873}.Release|x86.Build.0 = Release|Win32
	EndGlobalSection
	GlobalSection(SolutionProperties) = preSolution
		HideSolutionNode = FALSE
	EndGlobalSection
	GlobalSection(NestedProjects) = preSolution
		{CEBB6AF5-E03B-4C2A-9B44-E4FC5A18C799} = {F8C1F629-EFE0-4BB6-9A15-268AA4332EC4}
		{D0E59A07-8A97-46AA-BD8F-D8402820FEC3} = {F8C1F629-EFE0-4BB6-9A15-268AA4332EC4}
		{A03DECBE-1EEC-4EF5-B2E8-FDA0AD878359} = {6AF39315-81DD-468F-9807-2843F9CB6FF0}
		{89D8D9CD-66A4-4479-AB8D-13762A8E19B4} = {6AF39315-81DD-468F-9807-2843F9CB6FF0}
		{2B2AD512-2BCF-49D6-B08F-220775124873} = {F8C1F629-EFE0-4BB6-9A15-268AA4332EC4}
	EndGlobalSection
EndGlobal
